
Microsoft Visual Studio Solution File, Format Version 12.00
# Visual Studio Version 17
VisualStudioVersion = 17.14.36109.1
MinimumVisualStudioVersion = 10.0.40219.1
Project("{2150E333-8FDC-42A3-9474-1A3956D46DE8}") = "services", "services", "{02EA681E-C7D8-13C7-8484-4AC65E1B71E8}"
EndProject
Project("{2150E333-8FDC-42A3-9474-1A3956D46DE8}") = "catalog", "catalog", "{FEE0BD25-231B-42CD-9B28-A1F96E09F1C1}"
EndProject
Project("{FAE04EC0-301F-11D3-BF4B-00C04F79EFBC}") = "catalog.API", "services\catalog\catalog.API\catalog.API.csproj", "{136DCEAC-92FA-4447-8408-3EDCF82CDF4E}"
EndProject
Project("{FAE04EC0-301F-11D3-BF4B-00C04F79EFBC}") = "catalog.Application", "services\catalog\catalog.Application\catalog.Application.csproj", "{31D742F3-1B65-4C06-A783-E615803B32D2}"
EndProject
Project("{FAE04EC0-301F-11D3-BF4B-00C04F79EFBC}") = "catalog.Core", "services\catalog\catalog.Core\catalog.Core.csproj", "{B1242EE4-E6A1-4547-A565-E7F75A376412}"
EndProject
Project("{FAE04EC0-301F-11D3-BF4B-00C04F79EFBC}") = "catalog.Infrastructure", "services\catalog\catalog.Infrastructure\catalog.Infrastructure.csproj", "{34F9A101-3BCA-43F3-95E5-05B1E0062F3E}"
EndProject
Project("{E53339B2-1760-4266-BCC7-CA923CBCF16C}") = "docker-compose", "docker-compose.dcproj", "{81DDED9D-158B-E303-5F62-77A2896D2A5A}"
EndProject
Project("{2150E333-8FDC-42A3-9474-1A3956D46DE8}") = "basket", "basket", "{93102151-BFD2-426B-AFFB-989DF22D86E6}"
EndProject
Project("{FAE04EC0-301F-11D3-BF4B-00C04F79EFBC}") = "basket.API", "services\basket\basket.API\basket.API.csproj", "{928778BA-934E-45E4-B515-2F7F3C8B81DB}"
EndProject
Project("{FAE04EC0-301F-11D3-BF4B-00C04F79EFBC}") = "basket.Application", "services\basket\basket.Application\basket.Application.csproj", "{FFE4E8D0-8D60-412A-A4A2-310A6F7CB669}"
EndProject
Project("{FAE04EC0-301F-11D3-BF4B-00C04F79EFBC}") = "basket.Core", "services\basket\basket.Core\basket.Core.csproj", "{02771371-92C2-4C21-A485-5EB5464E5DFF}"
EndProject
Project("{FAE04EC0-301F-11D3-BF4B-00C04F79EFBC}") = "basket.Infrastructure", "services\basket\basket.Infrastructure\basket.Infrastructure.csproj", "{ADA65F37-076C-4E02-852B-979A3DE9B08B}"
EndProject
Project("{2150E333-8FDC-42A3-9474-1A3956D46DE8}") = "discount", "discount", "{1351B53F-B7AE-47BF-8B2A-51C26212AF03}"
EndProject
Project("{FAE04EC0-301F-11D3-BF4B-00C04F79EFBC}") = "discount.API", "services\discount\discount.API\discount.API.csproj", "{42D7CB26-6F15-49BF-884F-AC738901D6C6}"
EndProject
Project("{FAE04EC0-301F-11D3-BF4B-00C04F79EFBC}") = "discount.Application", "services\discount\discount.Application\discount.Application.csproj", "{CB8E117C-1378-4BEF-85D3-211D8DBD7BD9}"
EndProject
Project("{FAE04EC0-301F-11D3-BF4B-00C04F79EFBC}") = "discount.Core", "services\discount\discount.Core\discount.Core.csproj", "{06D29875-13B6-44E0-98E6-E8046C4D8ACE}"
EndProject
Project("{FAE04EC0-301F-11D3-BF4B-00C04F79EFBC}") = "discount.Infrastructure", "services\discount\discount.Infrastructure\discount.Infrastructure.csproj", "{7B9751A2-EED4-42DF-91ED-BC081C709335}"
EndProject
Project("{2150E333-8FDC-42A3-9474-1A3956D46DE8}") = "ordering", "ordering", "{FF1242DF-97BA-48D1-9826-6193436E7B62}"
EndProject
Project("{FAE04EC0-301F-11D3-BF4B-00C04F79EFBC}") = "ordering.API", "services\ordering\ordering.API\ordering.API.csproj", "{E7D1FD71-00FB-4CC6-86C3-ED5E304815E7}"
EndProject
Project("{FAE04EC0-301F-11D3-BF4B-00C04F79EFBC}") = "ordering.Application", "services\ordering\ordering.Application\ordering.Application.csproj", "{6681D74D-2105-4C81-A49B-67F499010D0A}"
EndProject
Project("{FAE04EC0-301F-11D3-BF4B-00C04F79EFBC}") = "ordering.Core", "services\ordering\ordering.Core\ordering.Core.csproj", "{5CE6ED6A-CD5C-4820-AA1F-0569FB6BCE23}"
EndProject
Project("{FAE04EC0-301F-11D3-BF4B-00C04F79EFBC}") = "ordering.Infrastructure", "services\ordering\ordering.Infrastructure\ordering.Infrastructure.csproj", "{6B551B91-BF09-4C10-86FD-A558D4480053}"
EndProject
Project("{2150E333-8FDC-42A3-9474-1A3956D46DE8}") = "Infrastructure", "Infrastructure", "{59BB0CFF-EB88-41BF-B9EA-269243338766}"
EndProject
Project("{FAE04EC0-301F-11D3-BF4B-00C04F79EFBC}") = "EventBus.Messages", "Infrastructure\EventBus.Messages\EventBus.Messages.csproj", "{4B1AA1F9-F569-416C-BDD3-CB0E2E739C98}"
EndProject
Project("{FAE04EC0-301F-11D3-BF4B-00C04F79EFBC}") = "Common.Logging", "Infrastructure\Common.Logging\Common.Logging.csproj", "{D4D71627-7B20-4FB2-8394-3928DEB5937D}"
EndProject
Project("{2150E333-8FDC-42A3-9474-1A3956D46DE8}") = "APIGateWay", "APIGateWay", "{DDB14926-D8AB-48D1-B659-9EB35AACD3CF}"
EndProject
Project("{FAE04EC0-301F-11D3-BF4B-00C04F79EFBC}") = "Ocelot.APIGateway", "APIGateWay\Ocelot.APIGateway\Ocelot.APIGateway.csproj", "{F6C406E5-FDCE-4989-9FA2-BE49262DEF85}"
EndProject
Global
	GlobalSection(SolutionConfigurationPlatforms) = preSolution
		Debug|Any CPU = Debug|Any CPU
		Release|Any CPU = Release|Any CPU
	EndGlobalSection
	GlobalSection(ProjectConfigurationPlatforms) = postSolution
		{136DCEAC-92FA-4447-8408-3EDCF82CDF4E}.Debug|Any CPU.ActiveCfg = Debug|Any CPU
		{136DCEAC-92FA-4447-8408-3EDCF82CDF4E}.Debug|Any CPU.Build.0 = Debug|Any CPU
		{136DCEAC-92FA-4447-8408-3EDCF82CDF4E}.Release|Any CPU.ActiveCfg = Release|Any CPU
		{136DCEAC-92FA-4447-8408-3EDCF82CDF4E}.Release|Any CPU.Build.0 = Release|Any CPU
		{31D742F3-1B65-4C06-A783-E615803B32D2}.Debug|Any CPU.ActiveCfg = Debug|Any CPU
		{31D742F3-1B65-4C06-A783-E615803B32D2}.Debug|Any CPU.Build.0 = Debug|Any CPU
		{31D742F3-1B65-4C06-A783-E615803B32D2}.Release|Any CPU.ActiveCfg = Release|Any CPU
		{31D742F3-1B65-4C06-A783-E615803B32D2}.Release|Any CPU.Build.0 = Release|Any CPU
		{B1242EE4-E6A1-4547-A565-E7F75A376412}.Debug|Any CPU.ActiveCfg = Debug|Any CPU
		{B1242EE4-E6A1-4547-A565-E7F75A376412}.Debug|Any CPU.Build.0 = Debug|Any CPU
		{B1242EE4-E6A1-4547-A565-E7F75A376412}.Release|Any CPU.ActiveCfg = Release|Any CPU
		{B1242EE4-E6A1-4547-A565-E7F75A376412}.Release|Any CPU.Build.0 = Release|Any CPU
		{34F9A101-3BCA-43F3-95E5-05B1E0062F3E}.Debug|Any CPU.ActiveCfg = Debug|Any CPU
		{34F9A101-3BCA-43F3-95E5-05B1E0062F3E}.Debug|Any CPU.Build.0 = Debug|Any CPU
		{34F9A101-3BCA-43F3-95E5-05B1E0062F3E}.Release|Any CPU.ActiveCfg = Release|Any CPU
		{34F9A101-3BCA-43F3-95E5-05B1E0062F3E}.Release|Any CPU.Build.0 = Release|Any CPU
		{81DDED9D-158B-E303-5F62-77A2896D2A5A}.Debug|Any CPU.ActiveCfg = Debug|Any CPU
		{81DDED9D-158B-E303-5F62-77A2896D2A5A}.Debug|Any CPU.Build.0 = Debug|Any CPU
		{81DDED9D-158B-E303-5F62-77A2896D2A5A}.Release|Any CPU.ActiveCfg = Release|Any CPU
		{81DDED9D-158B-E303-5F62-77A2896D2A5A}.Release|Any CPU.Build.0 = Release|Any CPU
		{928778BA-934E-45E4-B515-2F7F3C8B81DB}.Debug|Any CPU.ActiveCfg = Debug|Any CPU
		{928778BA-934E-45E4-B515-2F7F3C8B81DB}.Debug|Any CPU.Build.0 = Debug|Any CPU
		{928778BA-934E-45E4-B515-2F7F3C8B81DB}.Release|Any CPU.ActiveCfg = Release|Any CPU
		{928778BA-934E-45E4-B515-2F7F3C8B81DB}.Release|Any CPU.Build.0 = Release|Any CPU
		{FFE4E8D0-8D60-412A-A4A2-310A6F7CB669}.Debug|Any CPU.ActiveCfg = Debug|Any CPU
		{FFE4E8D0-8D60-412A-A4A2-310A6F7CB669}.Debug|Any CPU.Build.0 = Debug|Any CPU
		{FFE4E8D0-8D60-412A-A4A2-310A6F7CB669}.Release|Any CPU.ActiveCfg = Release|Any CPU
		{FFE4E8D0-8D60-412A-A4A2-310A6F7CB669}.Release|Any CPU.Build.0 = Release|Any CPU
		{02771371-92C2-4C21-A485-5EB5464E5DFF}.Debug|Any CPU.ActiveCfg = Debug|Any CPU
		{02771371-92C2-4C21-A485-5EB5464E5DFF}.Debug|Any CPU.Build.0 = Debug|Any CPU
		{02771371-92C2-4C21-A485-5EB5464E5DFF}.Release|Any CPU.ActiveCfg = Release|Any CPU
		{02771371-92C2-4C21-A485-5EB5464E5DFF}.Release|Any CPU.Build.0 = Release|Any CPU
		{ADA65F37-076C-4E02-852B-979A3DE9B08B}.Debug|Any CPU.ActiveCfg = Debug|Any CPU
		{ADA65F37-076C-4E02-852B-979A3DE9B08B}.Debug|Any CPU.Build.0 = Debug|Any CPU
		{ADA65F37-076C-4E02-852B-979A3DE9B08B}.Release|Any CPU.ActiveCfg = Release|Any CPU
		{ADA65F37-076C-4E02-852B-979A3DE9B08B}.Release|Any CPU.Build.0 = Release|Any CPU
		{42D7CB26-6F15-49BF-884F-AC738901D6C6}.Debug|Any CPU.ActiveCfg = Debug|Any CPU
		{42D7CB26-6F15-49BF-884F-AC738901D6C6}.Debug|Any CPU.Build.0 = Debug|Any CPU
		{42D7CB26-6F15-49BF-884F-AC738901D6C6}.Release|Any CPU.ActiveCfg = Release|Any CPU
		{42D7CB26-6F15-49BF-884F-AC738901D6C6}.Release|Any CPU.Build.0 = Release|Any CPU
		{CB8E117C-1378-4BEF-85D3-211D8DBD7BD9}.Debug|Any CPU.ActiveCfg = Debug|Any CPU
		{CB8E117C-1378-4BEF-85D3-211D8DBD7BD9}.Debug|Any CPU.Build.0 = Debug|Any CPU
		{CB8E117C-1378-4BEF-85D3-211D8DBD7BD9}.Release|Any CPU.ActiveCfg = Release|Any CPU
		{CB8E117C-1378-4BEF-85D3-211D8DBD7BD9}.Release|Any CPU.Build.0 = Release|Any CPU
		{06D29875-13B6-44E0-98E6-E8046C4D8ACE}.Debug|Any CPU.ActiveCfg = Debug|Any CPU
		{06D29875-13B6-44E0-98E6-E8046C4D8ACE}.Debug|Any CPU.Build.0 = Debug|Any CPU
		{06D29875-13B6-44E0-98E6-E8046C4D8ACE}.Release|Any CPU.ActiveCfg = Release|Any CPU
		{06D29875-13B6-44E0-98E6-E8046C4D8ACE}.Release|Any CPU.Build.0 = Release|Any CPU
		{7B9751A2-EED4-42DF-91ED-BC081C709335}.Debug|Any CPU.ActiveCfg = Debug|Any CPU
		{7B9751A2-EED4-42DF-91ED-BC081C709335}.Debug|Any CPU.Build.0 = Debug|Any CPU
		{7B9751A2-EED4-42DF-91ED-BC081C709335}.Release|Any CPU.ActiveCfg = Release|Any CPU
		{7B9751A2-EED4-42DF-91ED-BC081C709335}.Release|Any CPU.Build.0 = Release|Any CPU
		{E7D1FD71-00FB-4CC6-86C3-ED5E304815E7}.Debug|Any CPU.ActiveCfg = Debug|Any CPU
		{E7D1FD71-00FB-4CC6-86C3-ED5E304815E7}.Debug|Any CPU.Build.0 = Debug|Any CPU
		{E7D1FD71-00FB-4CC6-86C3-ED5E304815E7}.Release|Any CPU.ActiveCfg = Release|Any CPU
		{E7D1FD71-00FB-4CC6-86C3-ED5E304815E7}.Release|Any CPU.Build.0 = Release|Any CPU
		{6681D74D-2105-4C81-A49B-67F499010D0A}.Debug|Any CPU.ActiveCfg = Debug|Any CPU
		{6681D74D-2105-4C81-A49B-67F499010D0A}.Debug|Any CPU.Build.0 = Debug|Any CPU
		{6681D74D-2105-4C81-A49B-67F499010D0A}.Release|Any CPU.ActiveCfg = Release|Any CPU
		{6681D74D-2105-4C81-A49B-67F499010D0A}.Release|Any CPU.Build.0 = Release|Any CPU
		{5CE6ED6A-CD5C-4820-AA1F-0569FB6BCE23}.Debug|Any CPU.ActiveCfg = Debug|Any CPU
		{5CE6ED6A-CD5C-4820-AA1F-0569FB6BCE23}.Debug|Any CPU.Build.0 = Debug|Any CPU
		{5CE6ED6A-CD5C-4820-AA1F-0569FB6BCE23}.Release|Any CPU.ActiveCfg = Release|Any CPU
		{5CE6ED6A-CD5C-4820-AA1F-0569FB6BCE23}.Release|Any CPU.Build.0 = Release|Any CPU
		{6B551B91-BF09-4C10-86FD-A558D4480053}.Debug|Any CPU.ActiveCfg = Debug|Any CPU
		{6B551B91-BF09-4C10-86FD-A558D4480053}.Debug|Any CPU.Build.0 = Debug|Any CPU
		{6B551B91-BF09-4C10-86FD-A558D4480053}.Release|Any CPU.ActiveCfg = Release|Any CPU
		{6B551B91-BF09-4C10-86FD-A558D4480053}.Release|Any CPU.Build.0 = Release|Any CPU
		{4B1AA1F9-F569-416C-BDD3-CB0E2E739C98}.Debug|Any CPU.ActiveCfg = Debug|Any CPU
		{4B1AA1F9-F569-416C-BDD3-CB0E2E739C98}.Debug|Any CPU.Build.0 = Debug|Any CPU
		{4B1AA1F9-F569-416C-BDD3-CB0E2E739C98}.Release|Any CPU.ActiveCfg = Release|Any CPU
		{4B1AA1F9-F569-416C-BDD3-CB0E2E739C98}.Release|Any CPU.Build.0 = Release|Any CPU
		{D4D71627-7B20-4FB2-8394-3928DEB5937D}.Debug|Any CPU.ActiveCfg = Debug|Any CPU
		{D4D71627-7B20-4FB2-8394-3928DEB5937D}.Debug|Any CPU.Build.0 = Debug|Any CPU
		{D4D71627-7B20-4FB2-8394-3928DEB5937D}.Release|Any CPU.ActiveCfg = Release|Any CPU
		{D4D71627-7B20-4FB2-8394-3928DEB5937D}.Release|Any CPU.Build.0 = Release|Any CPU
		{F6C406E5-FDCE-4989-9FA2-BE49262DEF85}.Debug|Any CPU.ActiveCfg = Debug|Any CPU
		{F6C406E5-FDCE-4989-9FA2-BE49262DEF85}.Debug|Any CPU.Build.0 = Debug|Any CPU
		{F6C406E5-FDCE-4989-9FA2-BE49262DEF85}.Release|Any CPU.ActiveCfg = Release|Any CPU
		{F6C406E5-FDCE-4989-9FA2-BE49262DEF85}.Release|Any CPU.Build.0 = Release|Any CPU
	EndGlobalSection
	GlobalSection(SolutionProperties) = preSolution
		HideSolutionNode = FALSE
	EndGlobalSection
	GlobalSection(NestedProjects) = preSolution
		{FEE0BD25-231B-42CD-9B28-A1F96E09F1C1} = {02EA681E-C7D8-13C7-8484-4AC65E1B71E8}
		{136DCEAC-92FA-4447-8408-3EDCF82CDF4E} = {FEE0BD25-231B-42CD-9B28-A1F96E09F1C1}
		{31D742F3-1B65-4C06-A783-E615803B32D2} = {FEE0BD25-231B-42CD-9B28-A1F96E09F1C1}
		{B1242EE4-E6A1-4547-A565-E7F75A376412} = {FEE0BD25-231B-42CD-9B28-A1F96E09F1C1}
		{34F9A101-3BCA-43F3-95E5-05B1E0062F3E} = {FEE0BD25-231B-42CD-9B28-A1F96E09F1C1}
		{93102151-BFD2-426B-AFFB-989DF22D86E6} = {02EA681E-C7D8-13C7-8484-4AC65E1B71E8}
		{928778BA-934E-45E4-B515-2F7F3C8B81DB} = {93102151-BFD2-426B-AFFB-989DF22D86E6}
		{FFE4E8D0-8D60-412A-A4A2-310A6F7CB669} = {93102151-BFD2-426B-AFFB-989DF22D86E6}
		{02771371-92C2-4C21-A485-5EB5464E5DFF} = {93102151-BFD2-426B-AFFB-989DF22D86E6}
		{ADA65F37-076C-4E02-852B-979A3DE9B08B} = {93102151-BFD2-426B-AFFB-989DF22D86E6}
		{1351B53F-B7AE-47BF-8B2A-51C26212AF03} = {02EA681E-C7D8-13C7-8484-4AC65E1B71E8}
		{42D7CB26-6F15-49BF-884F-AC738901D6C6} = {1351B53F-B7AE-47BF-8B2A-51C26212AF03}
		{CB8E117C-1378-4BEF-85D3-211D8DBD7BD9} = {1351B53F-B7AE-47BF-8B2A-51C26212AF03}
		{06D29875-13B6-44E0-98E6-E8046C4D8ACE} = {1351B53F-B7AE-47BF-8B2A-51C26212AF03}
		{7B9751A2-EED4-42DF-91ED-BC081C709335} = {1351B53F-B7AE-47BF-8B2A-51C26212AF03}
		{FF1242DF-97BA-48D1-9826-6193436E7B62} = {02EA681E-C7D8-13C7-8484-4AC65E1B71E8}
		{E7D1FD71-00FB-4CC6-86C3-ED5E304815E7} = {FF1242DF-97BA-48D1-9826-6193436E7B62}
		{6681D74D-2105-4C81-A49B-67F499010D0A} = {FF1242DF-97BA-48D1-9826-6193436E7B62}
		{5CE6ED6A-CD5C-4820-AA1F-0569FB6BCE23} = {FF1242DF-97BA-48D1-9826-6193436E7B62}
		{6B551B91-BF09-4C10-86FD-A558D4480053} = {FF1242DF-97BA-48D1-9826-6193436E7B62}
		{4B1AA1F9-F569-416C-BDD3-CB0E2E739C98} = {59BB0CFF-EB88-41BF-B9EA-269243338766}
		{D4D71627-7B20-4FB2-8394-3928DEB5937D} = {59BB0CFF-EB88-41BF-B9EA-269243338766}
		{F6C406E5-FDCE-4989-9FA2-BE49262DEF85} = {DDB14926-D8AB-48D1-B659-9EB35AACD3CF}
	EndGlobalSection
	GlobalSection(ExtensibilityGlobals) = postSolution
		SolutionGuid = {199FCE65-2E2F-4602-9965-3B7796E8CA23}
	EndGlobalSection
EndGlobal
